// !$*UTF8*$!
{
	archiveVersion = 1;
	classes = {
	};
	objectVersion = 50;
	objects = {

/* Begin PBXBuildFile section */
		0B17247E21F79A7E0004CF47 /* AppDelegate.m in Sources */ = {isa = PBXBuildFile; fileRef = 0B17247D21F79A7E0004CF47 /* AppDelegate.m */; };
		0B17248421F79A7E0004CF47 /* Main.storyboard in Resources */ = {isa = PBXBuildFile; fileRef = 0B17248221F79A7E0004CF47 /* Main.storyboard */; };
		0B17248621F79A7F0004CF47 /* Assets.xcassets in Resources */ = {isa = PBXBuildFile; fileRef = 0B17248521F79A7F0004CF47 /* Assets.xcassets */; };
		0B17248921F79A7F0004CF47 /* LaunchScreen.storyboard in Resources */ = {isa = PBXBuildFile; fileRef = 0B17248721F79A7F0004CF47 /* LaunchScreen.storyboard */; };
		0B17248C21F79A7F0004CF47 /* main.m in Sources */ = {isa = PBXBuildFile; fileRef = 0B17248B21F79A7F0004CF47 /* main.m */; };
		0B17249621F79A7F0004CF47 /* EveryDoTests.m in Sources */ = {isa = PBXBuildFile; fileRef = 0B17249521F79A7F0004CF47 /* EveryDoTests.m */; };
		0B1724A121F79A7F0004CF47 /* EveryDoUITests.m in Sources */ = {isa = PBXBuildFile; fileRef = 0B1724A021F79A7F0004CF47 /* EveryDoUITests.m */; };
		0B1724B021F79B830004CF47 /* MainViewController.m in Sources */ = {isa = PBXBuildFile; fileRef = 0B1724AF21F79B830004CF47 /* MainViewController.m */; };
		0B1724B321F79BC40004CF47 /* ToDoCell.m in Sources */ = {isa = PBXBuildFile; fileRef = 0B1724B221F79BC40004CF47 /* ToDoCell.m */; };
		0B1724B621F7A3A70004CF47 /* ToDoData.m in Sources */ = {isa = PBXBuildFile; fileRef = 0B1724B521F7A3A70004CF47 /* ToDoData.m */; };
		0B1724B921F7A3B70004CF47 /* ToDoDataManager.m in Sources */ = {isa = PBXBuildFile; fileRef = 0B1724B821F7A3B70004CF47 /* ToDoDataManager.m */; };
		0B1724BC21F7B44F0004CF47 /* DetailViewController.m in Sources */ = {isa = PBXBuildFile; fileRef = 0B1724BB21F7B44F0004CF47 /* DetailViewController.m */; };
/* End PBXBuildFile section */

/* Begin PBXContainerItemProxy section */
		0B17249221F79A7F0004CF47 /* PBXContainerItemProxy */ = {
			isa = PBXContainerItemProxy;
			containerPortal = 0B17247121F79A7E0004CF47 /* Project object */;
			proxyType = 1;
			remoteGlobalIDString = 0B17247821F79A7E0004CF47;
			remoteInfo = EveryDo;
		};
		0B17249D21F79A7F0004CF47 /* PBXContainerItemProxy */ = {
			isa = PBXContainerItemProxy;
			containerPortal = 0B17247121F79A7E0004CF47 /* Project object */;
			proxyType = 1;
			remoteGlobalIDString = 0B17247821F79A7E0004CF47;
			remoteInfo = EveryDo;
		};
/* End PBXContainerItemProxy section */

/* Begin PBXFileReference section */
		0B17247921F79A7E0004CF47 /* EveryDo.app */ = {isa = PBXFileReference; explicitFileType = wrapper.application; includeInIndex = 0; path = EveryDo.app; sourceTree = BUILT_PRODUCTS_DIR; };
		0B17247C21F79A7E0004CF47 /* AppDelegate.h */ = {isa = PBXFileReference; lastKnownFileType = sourcecode.c.h; path = AppDelegate.h; sourceTree = "<group>"; };
		0B17247D21F79A7E0004CF47 /* AppDelegate.m */ = {isa = PBXFileReference; lastKnownFileType = sourcecode.c.objc; path = AppDelegate.m; sourceTree = "<group>"; };
		0B17248321F79A7E0004CF47 /* Base */ = {isa = PBXFileReference; lastKnownFileType = file.storyboard; name = Base; path = Base.lproj/Main.storyboard; sourceTree = "<group>"; };
		0B17248521F79A7F0004CF47 /* Assets.xcassets */ = {isa = PBXFileReference; lastKnownFileType = folder.assetcatalog; path = Assets.xcassets; sourceTree = "<group>"; };
		0B17248821F79A7F0004CF47 /* Base */ = {isa = PBXFileReference; lastKnownFileType = file.storyboard; name = Base; path = Base.lproj/LaunchScreen.storyboard; sourceTree = "<group>"; };
		0B17248A21F79A7F0004CF47 /* Info.plist */ = {isa = PBXFileReference; lastKnownFileType = text.plist.xml; path = Info.plist; sourceTree = "<group>"; };
		0B17248B21F79A7F0004CF47 /* main.m */ = {isa = PBXFileReference; lastKnownFileType = sourcecode.c.objc; path = main.m; sourceTree = "<group>"; };
		0B17249121F79A7F0004CF47 /* EveryDoTests.xctest */ = {isa = PBXFileReference; explicitFileType = wrapper.cfbundle; includeInIndex = 0; path = EveryDoTests.xctest; sourceTree = BUILT_PRODUCTS_DIR; };
		0B17249521F79A7F0004CF47 /* EveryDoTests.m */ = {isa = PBXFileReference; lastKnownFileType = sourcecode.c.objc; path = EveryDoTests.m; sourceTree = "<group>"; };
		0B17249721F79A7F0004CF47 /* Info.plist */ = {isa = PBXFileReference; lastKnownFileType = text.plist.xml; path = Info.plist; sourceTree = "<group>"; };
		0B17249C21F79A7F0004CF47 /* EveryDoUITests.xctest */ = {isa = PBXFileReference; explicitFileType = wrapper.cfbundle; includeInIndex = 0; path = EveryDoUITests.xctest; sourceTree = BUILT_PRODUCTS_DIR; };
		0B1724A021F79A7F0004CF47 /* EveryDoUITests.m */ = {isa = PBXFileReference; lastKnownFileType = sourcecode.c.objc; path = EveryDoUITests.m; sourceTree = "<group>"; };
		0B1724A221F79A7F0004CF47 /* Info.plist */ = {isa = PBXFileReference; lastKnownFileType = text.plist.xml; path = Info.plist; sourceTree = "<group>"; };
		0B1724AE21F79B830004CF47 /* MainViewController.h */ = {isa = PBXFileReference; lastKnownFileType = sourcecode.c.h; path = MainViewController.h; sourceTree = "<group>"; };
		0B1724AF21F79B830004CF47 /* MainViewController.m */ = {isa = PBXFileReference; lastKnownFileType = sourcecode.c.objc; path = MainViewController.m; sourceTree = "<group>"; };
		0B1724B121F79BC40004CF47 /* ToDoCell.h */ = {isa = PBXFileReference; lastKnownFileType = sourcecode.c.h; path = ToDoCell.h; sourceTree = "<group>"; };
		0B1724B221F79BC40004CF47 /* ToDoCell.m */ = {isa = PBXFileReference; lastKnownFileType = sourcecode.c.objc; path = ToDoCell.m; sourceTree = "<group>"; };
		0B1724B421F7A3A70004CF47 /* ToDoData.h */ = {isa = PBXFileReference; lastKnownFileType = sourcecode.c.h; path = ToDoData.h; sourceTree = "<group>"; };
		0B1724B521F7A3A70004CF47 /* ToDoData.m */ = {isa = PBXFileReference; lastKnownFileType = sourcecode.c.objc; path = ToDoData.m; sourceTree = "<group>"; };
		0B1724B721F7A3B70004CF47 /* ToDoDataManager.h */ = {isa = PBXFileReference; lastKnownFileType = sourcecode.c.h; path = ToDoDataManager.h; sourceTree = "<group>"; };
		0B1724B821F7A3B70004CF47 /* ToDoDataManager.m */ = {isa = PBXFileReference; lastKnownFileType = sourcecode.c.objc; path = ToDoDataManager.m; sourceTree = "<group>"; };
		0B1724BA21F7B44F0004CF47 /* DetailViewController.h */ = {isa = PBXFileReference; lastKnownFileType = sourcecode.c.h; path = DetailViewController.h; sourceTree = "<group>"; };
		0B1724BB21F7B44F0004CF47 /* DetailViewController.m */ = {isa = PBXFileReference; lastKnownFileType = sourcecode.c.objc; path = DetailViewController.m; sourceTree = "<group>"; };
/* End PBXFileReference section */

/* Begin PBXFrameworksBuildPhase section */
		0B17247621F79A7E0004CF47 /* Frameworks */ = {
			isa = PBXFrameworksBuildPhase;
			buildActionMask = 2147483647;
			files = (
			);
			runOnlyForDeploymentPostprocessing = 0;
		};
		0B17248E21F79A7F0004CF47 /* Frameworks */ = {
			isa = PBXFrameworksBuildPhase;
			buildActionMask = 2147483647;
			files = (
			);
			runOnlyForDeploymentPostprocessing = 0;
		};
		0B17249921F79A7F0004CF47 /* Frameworks */ = {
			isa = PBXFrameworksBuildPhase;
			buildActionMask = 2147483647;
			files = (
			);
			runOnlyForDeploymentPostprocessing = 0;
		};
/* End PBXFrameworksBuildPhase section */

/* Begin PBXGroup section */
		0B17247021F79A7E0004CF47 = {
			isa = PBXGroup;
			children = (
				0B17247B21F79A7E0004CF47 /* EveryDo */,
				0B17249421F79A7F0004CF47 /* EveryDoTests */,
				0B17249F21F79A7F0004CF47 /* EveryDoUITests */,
				0B17247A21F79A7E0004CF47 /* Products */,
			);
			sourceTree = "<group>";
		};
		0B17247A21F79A7E0004CF47 /* Products */ = {
			isa = PBXGroup;
			children = (
				0B17247921F79A7E0004CF47 /* EveryDo.app */,
				0B17249121F79A7F0004CF47 /* EveryDoTests.xctest */,
				0B17249C21F79A7F0004CF47 /* EveryDoUITests.xctest */,
			);
			name = Products;
			sourceTree = "<group>";
		};
		0B17247B21F79A7E0004CF47 /* EveryDo */ = {
			isa = PBXGroup;
			children = (
				0B17247C21F79A7E0004CF47 /* AppDelegate.h */,
				0B17247D21F79A7E0004CF47 /* AppDelegate.m */,
				0B1724AE21F79B830004CF47 /* MainViewController.h */,
				0B1724AF21F79B830004CF47 /* MainViewController.m */,
				0B1724BA21F7B44F0004CF47 /* DetailViewController.h */,
				0B1724BB21F7B44F0004CF47 /* DetailViewController.m */,
				0B1724B121F79BC40004CF47 /* ToDoCell.h */,
				0B1724B221F79BC40004CF47 /* ToDoCell.m */,
				0B1724B421F7A3A70004CF47 /* ToDoData.h */,
				0B1724B521F7A3A70004CF47 /* ToDoData.m */,
				0B1724B721F7A3B70004CF47 /* ToDoDataManager.h */,
				0B1724B821F7A3B70004CF47 /* ToDoDataManager.m */,
				0B17248221F79A7E0004CF47 /* Main.storyboard */,
				0B17248521F79A7F0004CF47 /* Assets.xcassets */,
				0B17248721F79A7F0004CF47 /* LaunchScreen.storyboard */,
				0B17248A21F79A7F0004CF47 /* Info.plist */,
				0B17248B21F79A7F0004CF47 /* main.m */,
			);
			path = EveryDo;
			sourceTree = "<group>";
		};
		0B17249421F79A7F0004CF47 /* EveryDoTests */ = {
			isa = PBXGroup;
			children = (
				0B17249521F79A7F0004CF47 /* EveryDoTests.m */,
				0B17249721F79A7F0004CF47 /* Info.plist */,
			);
			path = EveryDoTests;
			sourceTree = "<group>";
		};
		0B17249F21F79A7F0004CF47 /* EveryDoUITests */ = {
			isa = PBXGroup;
			children = (
				0B1724A021F79A7F0004CF47 /* EveryDoUITests.m */,
				0B1724A221F79A7F0004CF47 /* Info.plist */,
			);
			path = EveryDoUITests;
			sourceTree = "<group>";
		};
/* End PBXGroup section */

/* Begin PBXNativeTarget section */
		0B17247821F79A7E0004CF47 /* EveryDo */ = {
			isa = PBXNativeTarget;
			buildConfigurationList = 0B1724A521F79A7F0004CF47 /* Build configuration list for PBXNativeTarget "EveryDo" */;
			buildPhases = (
				0B17247521F79A7E0004CF47 /* Sources */,
				0B17247621F79A7E0004CF47 /* Frameworks */,
				0B17247721F79A7E0004CF47 /* Resources */,
			);
			buildRules = (
			);
			dependencies = (
			);
			name = EveryDo;
			productName = EveryDo;
			productReference = 0B17247921F79A7E0004CF47 /* EveryDo.app */;
			productType = "com.apple.product-type.application";
		};
		0B17249021F79A7F0004CF47 /* EveryDoTests */ = {
			isa = PBXNativeTarget;
			buildConfigurationList = 0B1724A821F79A7F0004CF47 /* Build configuration list for PBXNativeTarget "EveryDoTests" */;
			buildPhases = (
				0B17248D21F79A7F0004CF47 /* Sources */,
				0B17248E21F79A7F0004CF47 /* Frameworks */,
				0B17248F21F79A7F0004CF47 /* Resources */,
			);
			buildRules = (
			);
			dependencies = (
				0B17249321F79A7F0004CF47 /* PBXTargetDependency */,
			);
			name = EveryDoTests;
			productName = EveryDoTests;
			productReference = 0B17249121F79A7F0004CF47 /* EveryDoTests.xctest */;
			productType = "com.apple.product-type.bundle.unit-test";
		};
		0B17249B21F79A7F0004CF47 /* EveryDoUITests */ = {
			isa = PBXNativeTarget;
			buildConfigurationList = 0B1724AB21F79A7F0004CF47 /* Build configuration list for PBXNativeTarget "EveryDoUITests" */;
			buildPhases = (
				0B17249821F79A7F0004CF47 /* Sources */,
				0B17249921F79A7F0004CF47 /* Frameworks */,
				0B17249A21F79A7F0004CF47 /* Resources */,
			);
			buildRules = (
			);
			dependencies = (
				0B17249E21F79A7F0004CF47 /* PBXTargetDependency */,
			);
			name = EveryDoUITests;
			productName = EveryDoUITests;
			productReference = 0B17249C21F79A7F0004CF47 /* EveryDoUITests.xctest */;
			productType = "com.apple.product-type.bundle.ui-testing";
		};
/* End PBXNativeTarget section */

/* Begin PBXProject section */
		0B17247121F79A7E0004CF47 /* Project object */ = {
			isa = PBXProject;
			attributes = {
				LastUpgradeCheck = 1010;
				ORGANIZATIONNAME = "Spencer Symington";
				TargetAttributes = {
					0B17247821F79A7E0004CF47 = {
						CreatedOnToolsVersion = 10.1;
					};
					0B17249021F79A7F0004CF47 = {
						CreatedOnToolsVersion = 10.1;
						TestTargetID = 0B17247821F79A7E0004CF47;
					};
					0B17249B21F79A7F0004CF47 = {
						CreatedOnToolsVersion = 10.1;
						TestTargetID = 0B17247821F79A7E0004CF47;
					};
				};
			};
			buildConfigurationList = 0B17247421F79A7E0004CF47 /* Build configuration list for PBXProject "EveryDo" */;
			compatibilityVersion = "Xcode 9.3";
			developmentRegion = en;
			hasScannedForEncodings = 0;
			knownRegions = (
				en,
				Base,
			);
			mainGroup = 0B17247021F79A7E0004CF47;
			productRefGroup = 0B17247A21F79A7E0004CF47 /* Products */;
			projectDirPath = "";
			projectRoot = "";
			targets = (
				0B17247821F79A7E0004CF47 /* EveryDo */,
				0B17249021F79A7F0004CF47 /* EveryDoTests */,
				0B17249B21F79A7F0004CF47 /* EveryDoUITests */,
			);
		};
/* End PBXProject section */

/* Begin PBXResourcesBuildPhase section */
		0B17247721F79A7E0004CF47 /* Resources */ = {
			isa = PBXResourcesBuildPhase;
			buildActionMask = 2147483647;
			files = (
				0B17248921F79A7F0004CF47 /* LaunchScreen.storyboard in Resources */,
				0B17248621F79A7F0004CF47 /* Assets.xcassets in Resources */,
				0B17248421F79A7E0004CF47 /* Main.storyboard in Resources */,
			);
			runOnlyForDeploymentPostprocessing = 0;
		};
		0B17248F21F79A7F0004CF47 /* Resources */ = {
			isa = PBXResourcesBuildPhase;
			buildActionMask = 2147483647;
			files = (
			);
			runOnlyForDeploymentPostprocessing = 0;
		};
		0B17249A21F79A7F0004CF47 /* Resources */ = {
			isa = PBXResourcesBuildPhase;
			buildActionMask = 2147483647;
			files = (
			);
			runOnlyForDeploymentPostprocessing = 0;
		};
/* End PBXResourcesBuildPhase section */

/* Begin PBXSourcesBuildPhase section */
		0B17247521F79A7E0004CF47 /* Sources */ = {
			isa = PBXSourcesBuildPhase;
			buildActionMask = 2147483647;
			files = (
				0B17248C21F79A7F0004CF47 /* main.m in Sources */,
				0B1724B921F7A3B70004CF47 /* ToDoDataManager.m in Sources */,
				0B1724B621F7A3A70004CF47 /* ToDoData.m in Sources */,
				0B1724B021F79B830004CF47 /* MainViewController.m in Sources */,
				0B17247E21F79A7E0004CF47 /* AppDelegate.m in Sources */,
				0B1724B321F79BC40004CF47 /* ToDoCell.m in Sources */,
				0B1724BC21F7B44F0004CF47 /* DetailViewController.m in Sources */,
			);
			runOnlyForDeploymentPostprocessing = 0;
		};
		0B17248D21F79A7F0004CF47 /* Sources */ = {
			isa = PBXSourcesBuildPhase;
			buildActionMask = 2147483647;
			files = (
				0B17249621F79A7F0004CF47 /* EveryDoTests.m in Sources */,
			);
			runOnlyForDeploymentPostprocessing = 0;
		};
		0B17249821F79A7F0004CF47 /* Sources */ = {
			isa = PBXSourcesBuildPhase;
			buildActionMask = 2147483647;
			files = (
				0B1724A121F79A7F0004CF47 /* EveryDoUITests.m in Sources */,
			);
			runOnlyForDeploymentPostprocessing = 0;
		};
/* End PBXSourcesBuildPhase section */

/* Begin PBXTargetDependency section */
		0B17249321F79A7F0004CF47 /* PBXTargetDependency */ = {
			isa = PBXTargetDependency;
			target = 0B17247821F79A7E0004CF47 /* EveryDo */;
			targetProxy = 0B17249221F79A7F0004CF47 /* PBXContainerItemProxy */;
		};
		0B17249E21F79A7F0004CF47 /* PBXTargetDependency */ = {
			isa = PBXTargetDependency;
			target = 0B17247821F79A7E0004CF47 /* EveryDo */;
			targetProxy = 0B17249D21F79A7F0004CF47 /* PBXContainerItemProxy */;
		};
/* End PBXTargetDependency section */

/* Begin PBXVariantGroup section */
		0B17248221F79A7E0004CF47 /* Main.storyboard */ = {
			isa = PBXVariantGroup;
			children = (
				0B17248321F79A7E0004CF47 /* Base */,
			);
			name = Main.storyboard;
			sourceTree = "<group>";
		};
		0B17248721F79A7F0004CF47 /* LaunchScreen.storyboard */ = {
			isa = PBXVariantGroup;
			children = (
				0B17248821F79A7F0004CF47 /* Base */,
			);
			name = LaunchScreen.storyboard;
			sourceTree = "<group>";
		};
/* End PBXVariantGroup section */

/* Begin XCBuildConfiguration section */
		0B1724A321F79A7F0004CF47 /* Debug */ = {
			isa = XCBuildConfiguration;
			buildSettings = {
				ALWAYS_SEARCH_USER_PATHS = NO;
				CLANG_ANALYZER_NONNULL = YES;
				CLANG_ANALYZER_NUMBER_OBJECT_CONVERSION = YES_AGGRESSIVE;
				CLANG_CXX_LANGUAGE_STANDARD = "gnu++14";
				CLANG_CXX_LIBRARY = "libc++";
				CLANG_ENABLE_MODULES = YES;
				CLANG_ENABLE_OBJC_ARC = YES;
				CLANG_ENABLE_OBJC_WEAK = YES;
				CLANG_WARN_BLOCK_CAPTURE_AUTORELEASING = YES;
				CLANG_WARN_BOOL_CONVERSION = YES;
				CLANG_WARN_COMMA = YES;
				CLANG_WARN_CONSTANT_CONVERSION = YES;
				CLANG_WARN_DEPRECATED_OBJC_IMPLEMENTATIONS = YES;
				CLANG_WARN_DIRECT_OBJC_ISA_USAGE = YES_ERROR;
				CLANG_WARN_DOCUMENTATION_COMMENTS = YES;
				CLANG_WARN_EMPTY_BODY = YES;
				CLANG_WARN_ENUM_CONVERSION = YES;
				CLANG_WARN_INFINITE_RECURSION = YES;
				CLANG_WARN_INT_CONVERSION = YES;
				CLANG_WARN_NON_LITERAL_NULL_CONVERSION = YES;
				CLANG_WARN_OBJC_IMPLICIT_RETAIN_SELF = YES;
				CLANG_WARN_OBJC_LITERAL_CONVERSION = YES;
				CLANG_WARN_OBJC_ROOT_CLASS = YES_ERROR;
				CLANG_WARN_RANGE_LOOP_ANALYSIS = YES;
				CLANG_WARN_STRICT_PROTOTYPES = YES;
				CLANG_WARN_SUSPICIOUS_MOVE = YES;
				CLANG_WARN_UNGUARDED_AVAILABILITY = YES_AGGRESSIVE;
				CLANG_WARN_UNREACHABLE_CODE = YES;
				CLANG_WARN__DUPLICATE_METHOD_MATCH = YES;
				CODE_SIGN_IDENTITY = "iPhone Developer";
				COPY_PHASE_STRIP = NO;
				DEBUG_INFORMATION_FORMAT = dwarf;
				ENABLE_STRICT_OBJC_MSGSEND = YES;
				ENABLE_TESTABILITY = YES;
				GCC_C_LANGUAGE_STANDARD = gnu11;
				GCC_DYNAMIC_NO_PIC = NO;
				GCC_NO_COMMON_BLOCKS = YES;
				GCC_OPTIMIZATION_LEVEL = 0;
				GCC_PREPROCESSOR_DEFINITIONS = (
					"DEBUG=1",
					"$(inherited)",
				);
				GCC_WARN_64_TO_32_BIT_CONVERSION = YES;
				GCC_WARN_ABOUT_RETURN_TYPE = YES_ERROR;
				GCC_WARN_UNDECLARED_SELECTOR = YES;
				GCC_WARN_UNINITIALIZED_AUTOS = YES_AGGRESSIVE;
				GCC_WARN_UNUSED_FUNCTION = YES;
				GCC_WARN_UNUSED_VARIABLE = YES;
				IPHONEOS_DEPLOYMENT_TARGET = 12.1;
				MTL_ENABLE_DEBUG_INFO = INCLUDE_SOURCE;
				MTL_FAST_MATH = YES;
				ONLY_ACTIVE_ARCH = YES;
				SDKROOT = iphoneos;
			};
			name = Debug;
		};
		0B1724A421F79A7F0004CF47 /* Release */ = {
			isa = XCBuildConfiguration;
			buildSettings = {
				ALWAYS_SEARCH_USER_PATHS = NO;
				CLANG_ANALYZER_NONNULL = YES;
				CLANG_ANALYZER_NUMBER_OBJECT_CONVERSION = YES_AGGRESSIVE;
				CLANG_CXX_LANGUAGE_STANDARD = "gnu++14";
				CLANG_CXX_LIBRARY = "libc++";
				CLANG_ENABLE_MODULES = YES;
				CLANG_ENABLE_OBJC_ARC = YES;
				CLANG_ENABLE_OBJC_WEAK = YES;
				CLANG_WARN_BLOCK_CAPTURE_AUTORELEASING = YES;
				CLANG_WARN_BOOL_CONVERSION = YES;
				CLANG_WARN_COMMA = YES;
				CLANG_WARN_CONSTANT_CONVERSION = YES;
				CLANG_WARN_DEPRECATED_OBJC_IMPLEMENTATIONS = YES;
				CLANG_WARN_DIRECT_OBJC_ISA_USAGE = YES_ERROR;
				CLANG_WARN_DOCUMENTATION_COMMENTS = YES;
				CLANG_WARN_EMPTY_BODY = YES;
				CLANG_WARN_ENUM_CONVERSION = YES;
				CLANG_WARN_INFINITE_RECURSION = YES;
				CLANG_WARN_INT_CONVERSION = YES;
				CLANG_WARN_NON_LITERAL_NULL_CONVERSION = YES;
				CLANG_WARN_OBJC_IMPLICIT_RETAIN_SELF = YES;
				CLANG_WARN_OBJC_LITERAL_CONVERSION = YES;
				CLANG_WARN_OBJC_ROOT_CLASS = YES_ERROR;
				CLANG_WARN_RANGE_LOOP_ANALYSIS = YES;
				CLANG_WARN_STRICT_PROTOTYPES = YES;
				CLANG_WARN_SUSPICIOUS_MOVE = YES;
				CLANG_WARN_UNGUARDED_AVAILABILITY = YES_AGGRESSIVE;
				CLANG_WARN_UNREACHABLE_CODE = YES;
				CLANG_WARN__DUPLICATE_METHOD_MATCH = YES;
				CODE_SIGN_IDENTITY = "iPhone Developer";
				COPY_PHASE_STRIP = NO;
				DEBUG_INFORMATION_FORMAT = "dwarf-with-dsym";
				ENABLE_NS_ASSERTIONS = NO;
				ENABLE_STRICT_OBJC_MSGSEND = YES;
				GCC_C_LANGUAGE_STANDARD = gnu11;
				GCC_NO_COMMON_BLOCKS = YES;
				GCC_WARN_64_TO_32_BIT_CONVERSION = YES;
				GCC_WARN_ABOUT_RETURN_TYPE = YES_ERROR;
				GCC_WARN_UNDECLARED_SELECTOR = YES;
				GCC_WARN_UNINITIALIZED_AUTOS = YES_AGGRESSIVE;
				GCC_WARN_UNUSED_FUNCTION = YES;
				GCC_WARN_UNUSED_VARIABLE = YES;
				IPHONEOS_DEPLOYMENT_TARGET = 12.1;
				MTL_ENABLE_DEBUG_INFO = NO;
				MTL_FAST_MATH = YES;
				SDKROOT = iphoneos;
				VALIDATE_PRODUCT = YES;
			};
			name = Release;
		};
		0B1724A621F79A7F0004CF47 /* Debug */ = {
			isa = XCBuildConfiguration;
			buildSettings = {
				ASSETCATALOG_COMPILER_APPICON_NAME = AppIcon;
				CODE_SIGN_STYLE = Automatic;
				INFOPLIST_FILE = EveryDo/Info.plist;
				LD_RUNPATH_SEARCH_PATHS = (
					"$(inherited)",
					"@executable_path/Frameworks",
				);
				PRODUCT_BUNDLE_IDENTIFIER = com.spencersymington.EveryDo;
				PRODUCT_NAME = "$(TARGET_NAME)";
				TARGETED_DEVICE_FAMILY = "1,2";
			};
			name = Debug;
		};
		0B1724A721F79A7F0004CF47 /* Release */ = {
			isa = XCBuildConfiguration;
			buildSettings = {
				ASSETCATALOG_COMPILER_APPICON_NAME = AppIcon;
				CODE_SIGN_STYLE = Automatic;
				INFOPLIST_FILE = EveryDo/Info.plist;
				LD_RUNPATH_SEARCH_PATHS = (
					"$(inherited)",
					"@executable_path/Frameworks",
				);
				PRODUCT_BUNDLE_IDENTIFIER = com.spencersymington.EveryDo;
				PRODUCT_NAME = "$(TARGET_NAME)";
				TARGETED_DEVICE_FAMILY = "1,2";
			};
			name = Release;
		};
		0B1724A921F79A7F0004CF47 /* Debug */ = {
			isa = XCBuildConfiguration;
			buildSettings = {
				BUNDLE_LOADER = "$(TEST_HOST)";
				CODE_SIGN_STYLE = Automatic;
				INFOPLIST_FILE = EveryDoTests/Info.plist;
				LD_RUNPATH_SEARCH_PATHS = (
					"$(inherited)",
					"@executable_path/Frameworks",
					"@loader_path/Frameworks",
				);
				PRODUCT_BUNDLE_IDENTIFIER = com.spencersymington.EveryDoTests;
				PRODUCT_NAME = "$(TARGET_NAME)";
				TARGETED_DEVICE_FAMILY = "1,2";
				TEST_HOST = "$(BUILT_PRODUCTS_DIR)/EveryDo.app/EveryDo";
			};
			name = Debug;
		};
		0B1724AA21F79A7F0004CF47 /* Release */ = {
			isa = XCBuildConfiguration;
			buildSettings = {
				BUNDLE_LOADER = "$(TEST_HOST)";
				CODE_SIGN_STYLE = Automatic;
				INFOPLIST_FILE = EveryDoTests/Info.plist;
				LD_RUNPATH_SEARCH_PATHS = (
					"$(inherited)",
					"@executable_path/Frameworks",
					"@loader_path/Frameworks",
				);
				PRODUCT_BUNDLE_IDENTIFIER = com.spencersymington.EveryDoTests;
				PRODUCT_NAME = "$(TARGET_NAME)";
				TARGETED_DEVICE_FAMILY = "1,2";
				TEST_HOST = "$(BUILT_PRODUCTS_DIR)/EveryDo.app/EveryDo";
			};
			name = Release;
		};
		0B1724AC21F79A7F0004CF47 /* Debug */ = {
			isa = XCBuildConfiguration;
			buildSettings = {
				CODE_SIGN_STYLE = Automatic;
				INFOPLIST_FILE = EveryDoUITests/Info.plist;
				LD_RUNPATH_SEARCH_PATHS = (
					"$(inherited)",
					"@executable_path/Frameworks",
					"@loader_path/Frameworks",
				);
				PRODUCT_BUNDLE_IDENTIFIER = com.spencersymington.EveryDoUITests;
				PRODUCT_NAME = "$(TARGET_NAME)";
				TARGETED_DEVICE_FAMILY = "1,2";
				TEST_TARGET_NAME = EveryDo;
			};
			name = Debug;
		};
		0B1724AD21F79A7F0004CF47 /* Release */ = {
			isa = XCBuildConfiguration;
			buildSettings = {
				CODE_SIGN_STYLE = Automatic;
				INFOPLIST_FILE = EveryDoUITests/Info.plist;
				LD_RUNPATH_SEARCH_PATHS = (
					"$(inherited)",
					"@executable_path/Frameworks",
					"@loader_path/Frameworks",
				);
				PRODUCT_BUNDLE_IDENTIFIER = com.spencersymington.EveryDoUITests;
				PRODUCT_NAME = "$(TARGET_NAME)";
				TARGETED_DEVICE_FAMILY = "1,2";
				TEST_TARGET_NAME = EveryDo;
			};
			name = Release;
		};
/* End XCBuildConfiguration section */

/* Begin XCConfigurationList section */
		0B17247421F79A7E0004CF47 /* Build configuration list for PBXProject "EveryDo" */ = {
			isa = XCConfigurationList;
			buildConfigurations = (
				0B1724A321F79A7F0004CF47 /* Debug */,
				0B1724A421F79A7F0004CF47 /* Release */,
			);
			defaultConfigurationIsVisible = 0;
			defaultConfigurationName = Release;
		};
		0B1724A521F79A7F0004CF47 /* Build configuration list for PBXNativeTarget "EveryDo" */ = {
			isa = XCConfigurationList;
			buildConfigurations = (
				0B1724A621F79A7F0004CF47 /* Debug */,
				0B1724A721F79A7F0004CF47 /* Release */,
			);
			defaultConfigurationIsVisible = 0;
			defaultConfigurationName = Release;
		};
		0B1724A821F79A7F0004CF47 /* Build configuration list for PBXNativeTarget "EveryDoTests" */ = {
			isa = XCConfigurationList;
			buildConfigurations = (
				0B1724A921F79A7F0004CF47 /* Debug */,
				0B1724AA21F79A7F0004CF47 /* Release */,
			);
			defaultConfigurationIsVisible = 0;
			defaultConfigurationName = Release;
		};
		0B1724AB21F79A7F0004CF47 /* Build configuration list for PBXNativeTarget "EveryDoUITests" */ = {
			isa = XCConfigurationList;
			buildConfigurations = (
				0B1724AC21F79A7F0004CF47 /* Debug */,
				0B1724AD21F79A7F0004CF47 /* Release */,
			);
			defaultConfigurationIsVisible = 0;
			defaultConfigurationName = Release;
		};
/* End XCConfigurationList section */
	};
	rootObject = 0B17247121F79A7E0004CF47 /* Project object */;
}
